<?xml version="1.0" encoding="utf-8"?>
<Project ToolsVersion="4.0" xmlns="http://schemas.microsoft.com/developer/msbuild/2003">
  <ItemGroup>
    <Filter Include="Sources">
      <UniqueIdentifier>{0f07adc8-5efd-4065-b2a5-a2b98aa51360}</UniqueIdentifier>
    </Filter>
  </ItemGroup>
  <ItemGroup>
    <ClInclude Include="Sources\Singleton.h">
      <Filter>Sources</Filter>
    </ClInclude>
    <ClInclude Include="Sources\SingletonTest.h">
      <Filter>Sources</Filter>
    </ClInclude>
  </ItemGroup>
  <ItemGroup>
    <ClCompile Include="Sources\Entry.cpp">
      <Filter>Sources</Filter>
    </ClCompile>
    <ClCompile Include="Sources\SingletonTest.cpp">
      <Filter>Sources</Filter>
    </ClCompile>
  </ItemGroup>
</Project>